
Microsoft Visual Studio Solution File, Format Version 12.00
# Visual Studio 15
Project("{FAE04EC0-301F-11D3-BF4B-00C04F79EFBC}") = "SimpleWebTransport", "SimpleWebTransport.csproj", "{B1A3AB66-204F-AD01-6EC2-7F69DC60C2A3}"
EndProject
Project("{FAE04EC0-301F-11D3-BF4B-00C04F79EFBC}") = "Mirror", "Mirror.csproj", "{FC674896-F9AF-CF6D-89AD-2E48B835FEB1}"
EndProject
Project("{FAE04EC0-301F-11D3-BF4B-00C04F79EFBC}") = "Telepathy", "Telepathy.csproj", "{EB326714-885F-D8D1-18F8-C16ED84B3AC6}"
EndProject
Project("{FAE04EC0-301F-11D3-BF4B-00C04F79EFBC}") = "Assembly-CSharp", "Assembly-CSharp.csproj", "{D954232D-4667-656D-1929-875D3587A471}"
EndProject
Project("{FAE04EC0-301F-11D3-BF4B-00C04F79EFBC}") = "Mirror.Cloud", "Mirror.Cloud.csproj", "{B6B914CA-8AAC-47C0-31FA-86D4124FC3EF}"
EndProject
Project("{FAE04EC0-301F-11D3-BF4B-00C04F79EFBC}") = "Mirror.Components", "Mirror.Components.csproj", "{4C460B6B-283A-C718-6809-32046979E8C7}"
EndProject
Project("{FAE04EC0-301F-11D3-BF4B-00C04F79EFBC}") = "Mirror.Examples", "Mirror.Examples.csproj", "{3AA52EE7-EEC1-7415-0129-D44F66114F83}"
EndProject
Project("{FAE04EC0-301F-11D3-BF4B-00C04F79EFBC}") = "Mirror.Examples.Cloud.GUI", "Mirror.Examples.Cloud.GUI.csproj", "{726979D5-045C-C49A-DFE3-855792960DF4}"
EndProject
Project("{FAE04EC0-301F-11D3-BF4B-00C04F79EFBC}") = "kcp2k", "kcp2k.csproj", "{417CEC3B-9FB6-0C27-A386-431395932153}"
EndProject
Project("{FAE04EC0-301F-11D3-BF4B-00C04F79EFBC}") = "Mirror.Examples.Cloud.Pong", "Mirror.Examples.Cloud.Pong.csproj", "{0D39A3F0-608D-ECF1-3A69-F0124CA7BBEB}"
EndProject
Project("{FAE04EC0-301F-11D3-BF4B-00C04F79EFBC}") = "Mirror.Authenticators", "Mirror.Authenticators.csproj", "{CEED76AE-4DE9-0F91-A1CE-8E3F0F956F5A}"
EndProject
Project("{FAE04EC0-301F-11D3-BF4B-00C04F79EFBC}") = "Mirror.Weaver", "Mirror.Weaver.csproj", "{8DBA4BFD-1BDD-7751-EC24-1208AFA0D42A}"
EndProject
Project("{FAE04EC0-301F-11D3-BF4B-00C04F79EFBC}") = "Mirror.Editor", "Mirror.Editor.csproj", "{4B00E40C-B741-532C-93F8-AF724DE469A7}"
EndProject
Project("{FAE04EC0-301F-11D3-BF4B-00C04F79EFBC}") = "Mirror.CompilerSymbols", "Mirror.CompilerSymbols.csproj", "{C6A770B4-C7E2-4F4F-980B-8B975ECDEEEB}"
EndProject
Global
	GlobalSection(SolutionConfigurationPlatforms) = preSolution
		Debug|Any CPU = Debug|Any CPU
		Release|Any CPU = Release|Any CPU
	EndGlobalSection
	GlobalSection(ProjectConfigurationPlatforms) = postSolution
		{B1A3AB66-204F-AD01-6EC2-7F69DC60C2A3}.Debug|Any CPU.ActiveCfg = Debug|Any CPU
		{B1A3AB66-204F-AD01-6EC2-7F69DC60C2A3}.Debug|Any CPU.Build.0 = Debug|Any CPU
		{B1A3AB66-204F-AD01-6EC2-7F69DC60C2A3}.Release|Any CPU.ActiveCfg = Release|Any CPU
		{B1A3AB66-204F-AD01-6EC2-7F69DC60C2A3}.Release|Any CPU.Build.0 = Release|Any CPU
		{FC674896-F9AF-CF6D-89AD-2E48B835FEB1}.Debug|Any CPU.ActiveCfg = Debug|Any CPU
		{FC674896-F9AF-CF6D-89AD-2E48B835FEB1}.Debug|Any CPU.Build.0 = Debug|Any CPU
		{FC674896-F9AF-CF6D-89AD-2E48B835FEB1}.Release|Any CPU.ActiveCfg = Release|Any CPU
		{FC674896-F9AF-CF6D-89AD-2E48B835FEB1}.Release|Any CPU.Build.0 = Release|Any CPU
		{EB326714-885F-D8D1-18F8-C16ED84B3AC6}.Debug|Any CPU.ActiveCfg = Debug|Any CPU
		{EB326714-885F-D8D1-18F8-C16ED84B3AC6}.Debug|Any CPU.Build.0 = Debug|Any CPU
		{EB326714-885F-D8D1-18F8-C16ED84B3AC6}.Release|Any CPU.ActiveCfg = Release|Any CPU
		{EB326714-885F-D8D1-18F8-C16ED84B3AC6}.Release|Any CPU.Build.0 = Release|Any CPU
		{D954232D-4667-656D-1929-875D3587A471}.Debug|Any CPU.ActiveCfg = Debug|Any CPU
		{D954232D-4667-656D-1929-875D3587A471}.Debug|Any CPU.Build.0 = Debug|Any CPU
		{D954232D-4667-656D-1929-875D3587A471}.Release|Any CPU.ActiveCfg = Release|Any CPU
		{D954232D-4667-656D-1929-875D3587A471}.Release|Any CPU.Build.0 = Release|Any CPU
		{B6B914CA-8AAC-47C0-31FA-86D4124FC3EF}.Debug|Any CPU.ActiveCfg = Debug|Any CPU
		{B6B914CA-8AAC-47C0-31FA-86D4124FC3EF}.Debug|Any CPU.Build.0 = Debug|Any CPU
		{B6B914CA-8AAC-47C0-31FA-86D4124FC3EF}.Release|Any CPU.ActiveCfg = Release|Any CPU
		{B6B914CA-8AAC-47C0-31FA-86D4124FC3EF}.Release|Any CPU.Build.0 = Release|Any CPU
		{4C460B6B-283A-C718-6809-32046979E8C7}.Debug|Any CPU.ActiveCfg = Debug|Any CPU
		{4C460B6B-283A-C718-6809-32046979E8C7}.Debug|Any CPU.Build.0 = Debug|Any CPU
		{4C460B6B-283A-C718-6809-32046979E8C7}.Release|Any CPU.ActiveCfg = Release|Any CPU
		{4C460B6B-283A-C718-6809-32046979E8C7}.Release|Any CPU.Build.0 = Release|Any CPU
		{3AA52EE7-EEC1-7415-0129-D44F66114F83}.Debug|Any CPU.ActiveCfg = Debug|Any CPU
		{3AA52EE7-EEC1-7415-0129-D44F66114F83}.Debug|Any CPU.Build.0 = Debug|Any CPU
		{3AA52EE7-EEC1-7415-0129-D44F66114F83}.Release|Any CPU.ActiveCfg = Release|Any CPU
		{3AA52EE7-EEC1-7415-0129-D44F66114F83}.Release|Any CPU.Build.0 = Release|Any CPU
		{726979D5-045C-C49A-DFE3-855792960DF4}.Debug|Any CPU.ActiveCfg = Debug|Any CPU
		{726979D5-045C-C49A-DFE3-855792960DF4}.Debug|Any CPU.Build.0 = Debug|Any CPU
		{726979D5-045C-C49A-DFE3-855792960DF4}.Release|Any CPU.ActiveCfg = Release|Any CPU
		{726979D5-045C-C49A-DFE3-855792960DF4}.Release|Any CPU.Build.0 = Release|Any CPU
		{417CEC3B-9FB6-0C27-A386-431395932153}.Debug|Any CPU.ActiveCfg = Debug|Any CPU
		{417CEC3B-9FB6-0C27-A386-431395932153}.Debug|Any CPU.Build.0 = Debug|Any CPU
		{417CEC3B-9FB6-0C27-A386-431395932153}.Release|Any CPU.ActiveCfg = Release|Any CPU
		{417CEC3B-9FB6-0C27-A386-431395932153}.Release|Any CPU.Build.0 = Release|Any CPU
		{0D39A3F0-608D-ECF1-3A69-F0124CA7BBEB}.Debug|Any CPU.ActiveCfg = Debug|Any CPU
		{0D39A3F0-608D-ECF1-3A69-F0124CA7BBEB}.Debug|Any CPU.Build.0 = Debug|Any CPU
		{0D39A3F0-608D-ECF1-3A69-F0124CA7BBEB}.Release|Any CPU.ActiveCfg = Release|Any CPU
		{0D39A3F0-608D-ECF1-3A69-F0124CA7BBEB}.Release|Any CPU.Build.0 = Release|Any CPU
		{CEED76AE-4DE9-0F91-A1CE-8E3F0F956F5A}.Debug|Any CPU.ActiveCfg = Debug|Any CPU
		{CEED76AE-4DE9-0F91-A1CE-8E3F0F956F5A}.Debug|Any CPU.Build.0 = Debug|Any CPU
		{CEED76AE-4DE9-0F91-A1CE-8E3F0F956F5A}.Release|Any CPU.ActiveCfg = Release|Any CPU
		{CEED76AE-4DE9-0F91-A1CE-8E3F0F956F5A}.Release|Any CPU.Build.0 = Release|Any CPU
		{8DBA4BFD-1BDD-7751-EC24-1208AFA0D42A}.Debug|Any CPU.ActiveCfg = Debug|Any CPU
		{8DBA4BFD-1BDD-7751-EC24-1208AFA0D42A}.Debug|Any CPU.Build.0 = Debug|Any CPU
		{8DBA4BFD-1BDD-7751-EC24-1208AFA0D42A}.Release|Any CPU.ActiveCfg = Release|Any CPU
		{8DBA4BFD-1BDD-7751-EC24-1208AFA0D42A}.Release|Any CPU.Build.0 = Release|Any CPU
		{4B00E40C-B741-532C-93F8-AF724DE469A7}.Debug|Any CPU.ActiveCfg = Debug|Any CPU
		{4B00E40C-B741-532C-93F8-AF724DE469A7}.Debug|Any CPU.Build.0 = Debug|Any CPU
		{4B00E40C-B741-532C-93F8-AF724DE469A7}.Release|Any CPU.ActiveCfg = Release|Any CPU
		{4B00E40C-B741-532C-93F8-AF724DE469A7}.Release|Any CPU.Build.0 = Release|Any CPU
		{C6A770B4-C7E2-4F4F-980B-8B975ECDEEEB}.Debug|Any CPU.ActiveCfg = Debug|Any CPU
		{C6A770B4-C7E2-4F4F-980B-8B975ECDEEEB}.Debug|Any CPU.Build.0 = Debug|Any CPU
		{C6A770B4-C7E2-4F4F-980B-8B975ECDEEEB}.Release|Any CPU.ActiveCfg = Release|Any CPU
		{C6A770B4-C7E2-4F4F-980B-8B975ECDEEEB}.Release|Any CPU.Build.0 = Release|Any CPU
	EndGlobalSection
	GlobalSection(SolutionProperties) = preSolution
		HideSolutionNode = FALSE
	EndGlobalSection
EndGlobal
